
Microsoft Visual Studio Solution File, Format Version 12.00
# Visual Studio Version 17
VisualStudioVersion = 17.4.33213.308
MinimumVisualStudioVersion = 10.0.40219.1
Project("{9A19103F-16F7-4668-BE54-9A1E7A4F7556}") = "Kealan-Unhurd", "Kealan-Unhurd\Kealan-Unhurd.csproj", "{B973A6C2-7E0A-4E33-8162-B7442E2233F6}"
EndProject
Global
	GlobalSection(SolutionConfigurationPlatforms) = preSolution
		Debug|Any CPU = Debug|Any CPU
		Release|Any CPU = Release|Any CPU
	EndGlobalSection
	GlobalSection(ProjectConfigurationPlatforms) = postSolution
		{B973A6C2-7E0A-4E33-8162-B7442E2233F6}.Debug|Any CPU.ActiveCfg = Debug|Any CPU
		{B973A6C2-7E0A-4E33-8162-B7442E2233F6}.Debug|Any CPU.Build.0 = Debug|Any CPU
		{B973A6C2-7E0A-4E33-8162-B7442E2233F6}.Release|Any CPU.ActiveCfg = Release|Any CPU
		{B973A6C2-7E0A-4E33-8162-B7442E2233F6}.Release|Any CPU.Build.0 = Release|Any CPU
	EndGlobalSection
	GlobalSection(SolutionProperties) = preSolution
		HideSolutionNode = FALSE
	EndGlobalSection
	GlobalSection(ExtensibilityGlobals) = postSolution
		SolutionGuid = {218A8FE6-145B-4CFD-B928-DC10059FFDEB}
	EndGlobalSection
EndGlobal
